
Microsoft Visual Studio Solution File, Format Version 12.00
# Visual Studio Version 17
VisualStudioVersion = 17.3.32825.248
MinimumVisualStudioVersion = 10.0.40219.1
Project("{9A19103F-16F7-4668-BE54-9A1E7A4F7556}") = "Api_dotnet", "Api_dotnet.csproj", "{B7429037-B847-4E39-A27E-6C1EDD699E37}"
EndProject
Global
	GlobalSection(SolutionConfigurationPlatforms) = preSolution
		Debug|Any CPU = Debug|Any CPU
		Release|Any CPU = Release|Any CPU
	EndGlobalSection
	GlobalSection(ProjectConfigurationPlatforms) = postSolution
		{B7429037-B847-4E39-A27E-6C1EDD699E37}.Debug|Any CPU.ActiveCfg = Debug|Any CPU
		{B7429037-B847-4E39-A27E-6C1EDD699E37}.Debug|Any CPU.Build.0 = Debug|Any CPU
		{B7429037-B847-4E39-A27E-6C1EDD699E37}.Release|Any CPU.ActiveCfg = Release|Any CPU
		{B7429037-B847-4E39-A27E-6C1EDD699E37}.Release|Any CPU.Build.0 = Release|Any CPU
	EndGlobalSection
	GlobalSection(SolutionProperties) = preSolution
		HideSolutionNode = FALSE
	EndGlobalSection
	GlobalSection(ExtensibilityGlobals) = postSolution
		SolutionGuid = {CADDADD3-0D3A-47CE-B196-3E60FB70B27C}
	EndGlobalSection
EndGlobal
